
Microsoft Visual Studio Solution File, Format Version 12.00
# Visual Studio Version 17
VisualStudioVersion = 17.3.32929.385
MinimumVisualStudioVersion = 10.0.40219.1
Project("{FAE04EC0-301F-11D3-BF4B-00C04F79EFBC}") = "CreationStore", "CreationStore.csproj", "{DF32E79A-D7D8-455B-8298-6E2C730AFF9F}"
EndProject
Global
	GlobalSection(SolutionConfigurationPlatforms) = preSolution
		Debug|Any CPU = Debug|Any CPU
		Release|Any CPU = Release|Any CPU
	EndGlobalSection
	GlobalSection(ProjectConfigurationPlatforms) = postSolution
		{DF32E79A-D7D8-455B-8298-6E2C730AFF9F}.Debug|Any CPU.ActiveCfg = Debug|Any CPU
		{DF32E79A-D7D8-455B-8298-6E2C730AFF9F}.Debug|Any CPU.Build.0 = Debug|Any CPU
		{DF32E79A-D7D8-455B-8298-6E2C730AFF9F}.Release|Any CPU.ActiveCfg = Release|Any CPU
		{DF32E79A-D7D8-455B-8298-6E2C730AFF9F}.Release|Any CPU.Build.0 = Release|Any CPU
	EndGlobalSection
	GlobalSection(SolutionProperties) = preSolution
		HideSolutionNode = FALSE
	EndGlobalSection
	GlobalSection(ExtensibilityGlobals) = postSolution
		SolutionGuid = {E5EF90AD-2C62-40C2-ABEC-B15880C8BFF9}
	EndGlobalSection
EndGlobal
